
Microsoft Visual Studio Solution File, Format Version 12.00
# Visual Studio Version 17
VisualStudioVersion = 17.14.36127.28 d17.14
MinimumVisualStudioVersion = 10.0.40219.1
Project("{FAE04EC0-301F-11D3-BF4B-00C04F79EFBC}") = "question1", "question1\question1.csproj", "{8FFD6D59-1138-45E2-A793-18D043F67F27}"
EndProject
Project("{FAE04EC0-301F-11D3-BF4B-00C04F79EFBC}") = "question2", "question2\question2.csproj", "{E98E5E52-5D77-47C4-9FC2-1D79053FF937}"
EndProject
Project("{FAE04EC0-301F-11D3-BF4B-00C04F79EFBC}") = "question3", "question3\question3.csproj", "{22AD90DE-883F-41D3-8381-1576E0A6A48D}"
EndProject
Project("{FAE04EC0-301F-11D3-BF4B-00C04F79EFBC}") = "question4", "question4\question4.csproj", "{E26AB20D-CCB3-4332-AE78-A0D9E46292B8}"
EndProject
Global
	GlobalSection(SolutionConfigurationPlatforms) = preSolution
		Debug|Any CPU = Debug|Any CPU
		Release|Any CPU = Release|Any CPU
	EndGlobalSection
	GlobalSection(ProjectConfigurationPlatforms) = postSolution
		{8FFD6D59-1138-45E2-A793-18D043F67F27}.Debug|Any CPU.ActiveCfg = Debug|Any CPU
		{8FFD6D59-1138-45E2-A793-18D043F67F27}.Debug|Any CPU.Build.0 = Debug|Any CPU
		{8FFD6D59-1138-45E2-A793-18D043F67F27}.Release|Any CPU.ActiveCfg = Release|Any CPU
		{8FFD6D59-1138-45E2-A793-18D043F67F27}.Release|Any CPU.Build.0 = Release|Any CPU
		{E98E5E52-5D77-47C4-9FC2-1D79053FF937}.Debug|Any CPU.ActiveCfg = Debug|Any CPU
		{E98E5E52-5D77-47C4-9FC2-1D79053FF937}.Debug|Any CPU.Build.0 = Debug|Any CPU
		{E98E5E52-5D77-47C4-9FC2-1D79053FF937}.Release|Any CPU.ActiveCfg = Release|Any CPU
		{E98E5E52-5D77-47C4-9FC2-1D79053FF937}.Release|Any CPU.Build.0 = Release|Any CPU
		{22AD90DE-883F-41D3-8381-1576E0A6A48D}.Debug|Any CPU.ActiveCfg = Debug|Any CPU
		{22AD90DE-883F-41D3-8381-1576E0A6A48D}.Debug|Any CPU.Build.0 = Debug|Any CPU
		{22AD90DE-883F-41D3-8381-1576E0A6A48D}.Release|Any CPU.ActiveCfg = Release|Any CPU
		{22AD90DE-883F-41D3-8381-1576E0A6A48D}.Release|Any CPU.Build.0 = Release|Any CPU
		{E26AB20D-CCB3-4332-AE78-A0D9E46292B8}.Debug|Any CPU.ActiveCfg = Debug|Any CPU
		{E26AB20D-CCB3-4332-AE78-A0D9E46292B8}.Debug|Any CPU.Build.0 = Debug|Any CPU
		{E26AB20D-CCB3-4332-AE78-A0D9E46292B8}.Release|Any CPU.ActiveCfg = Release|Any CPU
		{E26AB20D-CCB3-4332-AE78-A0D9E46292B8}.Release|Any CPU.Build.0 = Release|Any CPU
	EndGlobalSection
	GlobalSection(SolutionProperties) = preSolution
		HideSolutionNode = FALSE
	EndGlobalSection
	GlobalSection(ExtensibilityGlobals) = postSolution
		SolutionGuid = {A6E18A15-A94B-4996-A337-25330D3265ED}
	EndGlobalSection
EndGlobal
